// !$*UTF8*$!
{
	archiveVersion = 1;
	classes = {
	};
	objectVersion = 55;
	objects = {

/* Begin PBXBuildFile section */
		16374CF227E6CC320060DD7B /* kessingerCSC416_toDoApp.swift in Sources */ = {isa = PBXBuildFile; fileRef = 16374CE227E6CC2E0060DD7B /* kessingerCSC416_toDoApp.swift */; };
		16374CF327E6CC320060DD7B /* kessingerCSC416_toDoApp.swift in Sources */ = {isa = PBXBuildFile; fileRef = 16374CE227E6CC2E0060DD7B /* kessingerCSC416_toDoApp.swift */; };
		16374CF427E6CC320060DD7B /* ContentView.swift in Sources */ = {isa = PBXBuildFile; fileRef = 16374CE327E6CC2E0060DD7B /* ContentView.swift */; };
		16374CF527E6CC320060DD7B /* ContentView.swift in Sources */ = {isa = PBXBuildFile; fileRef = 16374CE327E6CC2E0060DD7B /* ContentView.swift */; };
		16374CF627E6CC320060DD7B /* Assets.xcassets in Resources */ = {isa = PBXBuildFile; fileRef = 16374CE427E6CC320060DD7B /* Assets.xcassets */; };
		16374CF727E6CC320060DD7B /* Assets.xcassets in Resources */ = {isa = PBXBuildFile; fileRef = 16374CE427E6CC320060DD7B /* Assets.xcassets */; };
		16374D0127E6D10A0060DD7B /* listElement.swift in Sources */ = {isa = PBXBuildFile; fileRef = 16374D0027E6D10A0060DD7B /* listElement.swift */; };
		16374D0227E6D10A0060DD7B /* listElement.swift in Sources */ = {isa = PBXBuildFile; fileRef = 16374D0027E6D10A0060DD7B /* listElement.swift */; };
/* End PBXBuildFile section */

/* Begin PBXFileReference section */
		16374CE227E6CC2E0060DD7B /* kessingerCSC416_toDoApp.swift */ = {isa = PBXFileReference; lastKnownFileType = sourcecode.swift; path = kessingerCSC416_toDoApp.swift; sourceTree = "<group>"; };
		16374CE327E6CC2E0060DD7B /* ContentView.swift */ = {isa = PBXFileReference; lastKnownFileType = sourcecode.swift; path = ContentView.swift; sourceTree = "<group>"; };
		16374CE427E6CC320060DD7B /* Assets.xcassets */ = {isa = PBXFileReference; lastKnownFileType = folder.assetcatalog; path = Assets.xcassets; sourceTree = "<group>"; };
		16374CE927E6CC320060DD7B /* To Do List.app */ = {isa = PBXFileReference; explicitFileType = wrapper.application; includeInIndex = 0; path = "To Do List.app"; sourceTree = BUILT_PRODUCTS_DIR; };
		16374CEF27E6CC320060DD7B /* To Do List.app */ = {isa = PBXFileReference; explicitFileType = wrapper.application; includeInIndex = 0; path = "To Do List.app"; sourceTree = BUILT_PRODUCTS_DIR; };
		16374CF127E6CC320060DD7B /* macOS.entitlements */ = {isa = PBXFileReference; lastKnownFileType = text.plist.entitlements; path = macOS.entitlements; sourceTree = "<group>"; };
		16374D0027E6D10A0060DD7B /* listElement.swift */ = {isa = PBXFileReference; lastKnownFileType = sourcecode.swift; path = listElement.swift; sourceTree = "<group>"; };
		16C84CE927E8323B006FF632 /* LaunchScreen.storyboard */ = {isa = PBXFileReference; lastKnownFileType = file.storyboard; name = LaunchScreen.storyboard; path = Assets.xcassets/LaunchScreen.storyboard; sourceTree = "<group>"; };
		16C84CEA27E83414006FF632 /* To-Do-List--iOS--Info.plist */ = {isa = PBXFileReference; lastKnownFileType = text.plist; path = "To-Do-List--iOS--Info.plist"; sourceTree = "<group>"; };
/* End PBXFileReference section */

/* Begin PBXFrameworksBuildPhase section */
		16374CE627E6CC320060DD7B /* Frameworks */ = {
			isa = PBXFrameworksBuildPhase;
			buildActionMask = 2147483647;
			files = (
			);
			runOnlyForDeploymentPostprocessing = 0;
		};
		16374CEC27E6CC320060DD7B /* Frameworks */ = {
			isa = PBXFrameworksBuildPhase;
			buildActionMask = 2147483647;
			files = (
			);
			runOnlyForDeploymentPostprocessing = 0;
		};
/* End PBXFrameworksBuildPhase section */

/* Begin PBXGroup section */
		16374CDC27E6CC2D0060DD7B = {
			isa = PBXGroup;
			children = (
				16C84CEA27E83414006FF632 /* To-Do-List--iOS--Info.plist */,
				16374CE127E6CC2E0060DD7B /* Shared */,
				16374CF027E6CC320060DD7B /* macOS */,
				16374CEA27E6CC320060DD7B /* Products */,
			);
			sourceTree = "<group>";
		};
		16374CE127E6CC2E0060DD7B /* Shared */ = {
			isa = PBXGroup;
			children = (
				16374CE227E6CC2E0060DD7B /* kessingerCSC416_toDoApp.swift */,
				16374CE327E6CC2E0060DD7B /* ContentView.swift */,
				16C84CE927E8323B006FF632 /* LaunchScreen.storyboard */,
				16374CE427E6CC320060DD7B /* Assets.xcassets */,
				16374D0027E6D10A0060DD7B /* listElement.swift */,
			);
			path = Shared;
			sourceTree = "<group>";
		};
		16374CEA27E6CC320060DD7B /* Products */ = {
			isa = PBXGroup;
			children = (
				16374CE927E6CC320060DD7B /* To Do List.app */,
				16374CEF27E6CC320060DD7B /* To Do List.app */,
			);
			name = Products;
			sourceTree = "<group>";
		};
		16374CF027E6CC320060DD7B /* macOS */ = {
			isa = PBXGroup;
			children = (
				16374CF127E6CC320060DD7B /* macOS.entitlements */,
			);
			path = macOS;
			sourceTree = "<group>";
		};
/* End PBXGroup section */

/* Begin PBXNativeTarget section */
		16374CE827E6CC320060DD7B /* To Do List (iOS) */ = {
			isa = PBXNativeTarget;
			buildConfigurationList = 16374CFA27E6CC320060DD7B /* Build configuration list for PBXNativeTarget "To Do List (iOS)" */;
			buildPhases = (
				16374CE527E6CC320060DD7B /* Sources */,
				16374CE627E6CC320060DD7B /* Frameworks */,
				16374CE727E6CC320060DD7B /* Resources */,
			);
			buildRules = (
			);
			dependencies = (
			);
			name = "To Do List (iOS)";
			productName = "kessingerCSC416_toDo (iOS)";
			productReference = 16374CE927E6CC320060DD7B /* To Do List.app */;
			productType = "com.apple.product-type.application";
		};
		16374CEE27E6CC320060DD7B /* To Do List (macOS) */ = {
			isa = PBXNativeTarget;
			buildConfigurationList = 16374CFD27E6CC320060DD7B /* Build configuration list for PBXNativeTarget "To Do List (macOS)" */;
			buildPhases = (
				16374CEB27E6CC320060DD7B /* Sources */,
				16374CEC27E6CC320060DD7B /* Frameworks */,
				16374CED27E6CC320060DD7B /* Resources */,
			);
			buildRules = (
			);
			dependencies = (
			);
			name = "To Do List (macOS)";
			productName = "kessingerCSC416_toDo (macOS)";
			productReference = 16374CEF27E6CC320060DD7B /* To Do List.app */;
			productType = "com.apple.product-type.application";
		};
/* End PBXNativeTarget section */

/* Begin PBXProject section */
		16374CDD27E6CC2D0060DD7B /* Project object */ = {
			isa = PBXProject;
			attributes = {
				BuildIndependentTargetsInParallel = 1;
				LastSwiftUpdateCheck = 1320;
				LastUpgradeCheck = 1320;
				TargetAttributes = {
					16374CE827E6CC320060DD7B = {
						CreatedOnToolsVersion = 13.2.1;
					};
					16374CEE27E6CC320060DD7B = {
						CreatedOnToolsVersion = 13.2.1;
					};
				};
			};
			buildConfigurationList = 16374CE027E6CC2D0060DD7B /* Build configuration list for PBXProject "To Do List" */;
			compatibilityVersion = "Xcode 13.0";
			developmentRegion = en;
			hasScannedForEncodings = 0;
			knownRegions = (
				en,
				Base,
			);
			mainGroup = 16374CDC27E6CC2D0060DD7B;
			productRefGroup = 16374CEA27E6CC320060DD7B /* Products */;
			projectDirPath = "";
			projectRoot = "";
			targets = (
				16374CE827E6CC320060DD7B /* To Do List (iOS) */,
				16374CEE27E6CC320060DD7B /* To Do List (macOS) */,
			);
		};
/* End PBXProject section */

/* Begin PBXResourcesBuildPhase section */
		16374CE727E6CC320060DD7B /* Resources */ = {
			isa = PBXResourcesBuildPhase;
			buildActionMask = 2147483647;
			files = (
				16374CF627E6CC320060DD7B /* Assets.xcassets in Resources */,
			);
			runOnlyForDeploymentPostprocessing = 0;
		};
		16374CED27E6CC320060DD7B /* Resources */ = {
			isa = PBXResourcesBuildPhase;
			buildActionMask = 2147483647;
			files = (
				16374CF727E6CC320060DD7B /* Assets.xcassets in Resources */,
			);
			runOnlyForDeploymentPostprocessing = 0;
		};
/* End PBXResourcesBuildPhase section */

/* Begin PBXSourcesBuildPhase section */
		16374CE527E6CC320060DD7B /* Sources */ = {
			isa = PBXSourcesBuildPhase;
			buildActionMask = 2147483647;
			files = (
				16374D0127E6D10A0060DD7B /* listElement.swift in Sources */,
				16374CF427E6CC320060DD7B /* ContentView.swift in Sources */,
				16374CF227E6CC320060DD7B /* kessingerCSC416_toDoApp.swift in Sources */,
			);
			runOnlyForDeploymentPostprocessing = 0;
		};
		16374CEB27E6CC320060DD7B /* Sources */ = {
			isa = PBXSourcesBuildPhase;
			buildActionMask = 2147483647;
			files = (
				16374D0227E6D10A0060DD7B /* listElement.swift in Sources */,
				16374CF527E6CC320060DD7B /* ContentView.swift in Sources */,
				16374CF327E6CC320060DD7B /* kessingerCSC416_toDoApp.swift in Sources */,
			);
			runOnlyForDeploymentPostprocessing = 0;
		};
/* End PBXSourcesBuildPhase section */

/* Begin XCBuildConfiguration section */
		16374CF827E6CC320060DD7B /* Debug */ = {
			isa = XCBuildConfiguration;
			buildSettings = {
				ALWAYS_SEARCH_USER_PATHS = NO;
				CLANG_ANALYZER_NONNULL = YES;
				CLANG_ANALYZER_NUMBER_OBJECT_CONVERSION = YES_AGGRESSIVE;
				CLANG_CXX_LANGUAGE_STANDARD = "gnu++17";
				CLANG_CXX_LIBRARY = "libc++";
				CLANG_ENABLE_MODULES = YES;
				CLANG_ENABLE_OBJC_ARC = YES;
				CLANG_ENABLE_OBJC_WEAK = YES;
				CLANG_WARN_BLOCK_CAPTURE_AUTORELEASING = YES;
				CLANG_WARN_BOOL_CONVERSION = YES;
				CLANG_WARN_COMMA = YES;
				CLANG_WARN_CONSTANT_CONVERSION = YES;
				CLANG_WARN_DEPRECATED_OBJC_IMPLEMENTATIONS = YES;
				CLANG_WARN_DIRECT_OBJC_ISA_USAGE = YES_ERROR;
				CLANG_WARN_DOCUMENTATION_COMMENTS = YES;
				CLANG_WARN_EMPTY_BODY = YES;
				CLANG_WARN_ENUM_CONVERSION = YES;
				CLANG_WARN_INFINITE_RECURSION = YES;
				CLANG_WARN_INT_CONVERSION = YES;
				CLANG_WARN_NON_LITERAL_NULL_CONVERSION = YES;
				CLANG_WARN_OBJC_IMPLICIT_RETAIN_SELF = YES;
				CLANG_WARN_OBJC_LITERAL_CONVERSION = YES;
				CLANG_WARN_OBJC_ROOT_CLASS = YES_ERROR;
				CLANG_WARN_QUOTED_INCLUDE_IN_FRAMEWORK_HEADER = YES;
				CLANG_WARN_RANGE_LOOP_ANALYSIS = YES;
				CLANG_WARN_STRICT_PROTOTYPES = YES;
				CLANG_WARN_SUSPICIOUS_MOVE = YES;
				CLANG_WARN_UNGUARDED_AVAILABILITY = YES_AGGRESSIVE;
				CLANG_WARN_UNREACHABLE_CODE = YES;
				CLANG_WARN__DUPLICATE_METHOD_MATCH = YES;
				COPY_PHASE_STRIP = NO;
				DEBUG_INFORMATION_FORMAT = dwarf;
				ENABLE_STRICT_OBJC_MSGSEND = YES;
				ENABLE_TESTABILITY = YES;
				GCC_C_LANGUAGE_STANDARD = gnu11;
				GCC_DYNAMIC_NO_PIC = NO;
				GCC_NO_COMMON_BLOCKS = YES;
				GCC_OPTIMIZATION_LEVEL = 0;
				GCC_PREPROCESSOR_DEFINITIONS = (
					"DEBUG=1",
					"$(inherited)",
				);
				GCC_WARN_64_TO_32_BIT_CONVERSION = YES;
				GCC_WARN_ABOUT_RETURN_TYPE = YES_ERROR;
				GCC_WARN_UNDECLARED_SELECTOR = YES;
				GCC_WARN_UNINITIALIZED_AUTOS = YES_AGGRESSIVE;
				GCC_WARN_UNUSED_FUNCTION = YES;
				GCC_WARN_UNUSED_VARIABLE = YES;
				MTL_ENABLE_DEBUG_INFO = INCLUDE_SOURCE;
				MTL_FAST_MATH = YES;
				ONLY_ACTIVE_ARCH = YES;
				SWIFT_ACTIVE_COMPILATION_CONDITIONS = DEBUG;
				SWIFT_OPTIMIZATION_LEVEL = "-Onone";
			};
			name = Debug;
		};
		16374CF927E6CC320060DD7B /* Release */ = {
			isa = XCBuildConfiguration;
			buildSettings = {
				ALWAYS_SEARCH_USER_PATHS = NO;
				CLANG_ANALYZER_NONNULL = YES;
				CLANG_ANALYZER_NUMBER_OBJECT_CONVERSION = YES_AGGRESSIVE;
				CLANG_CXX_LANGUAGE_STANDARD = "gnu++17";
				CLANG_CXX_LIBRARY = "libc++";
				CLANG_ENABLE_MODULES = YES;
				CLANG_ENABLE_OBJC_ARC = YES;
				CLANG_ENABLE_OBJC_WEAK = YES;
				CLANG_WARN_BLOCK_CAPTURE_AUTORELEASING = YES;
				CLANG_WARN_BOOL_CONVERSION = YES;
				CLANG_WARN_COMMA = YES;
				CLANG_WARN_CONSTANT_CONVERSION = YES;
				CLANG_WARN_DEPRECATED_OBJC_IMPLEMENTATIONS = YES;
				CLANG_WARN_DIRECT_OBJC_ISA_USAGE = YES_ERROR;
				CLANG_WARN_DOCUMENTATION_COMMENTS = YES;
				CLANG_WARN_EMPTY_BODY = YES;
				CLANG_WARN_ENUM_CONVERSION = YES;
				CLANG_WARN_INFINITE_RECURSION = YES;
				CLANG_WARN_INT_CONVERSION = YES;
				CLANG_WARN_NON_LITERAL_NULL_CONVERSION = YES;
				CLANG_WARN_OBJC_IMPLICIT_RETAIN_SELF = YES;
				CLANG_WARN_OBJC_LITERAL_CONVERSION = YES;
				CLANG_WARN_OBJC_ROOT_CLASS = YES_ERROR;
				CLANG_WARN_QUOTED_INCLUDE_IN_FRAMEWORK_HEADER = YES;
				CLANG_WARN_RANGE_LOOP_ANALYSIS = YES;
				CLANG_WARN_STRICT_PROTOTYPES = YES;
				CLANG_WARN_SUSPICIOUS_MOVE = YES;
				CLANG_WARN_UNGUARDED_AVAILABILITY = YES_AGGRESSIVE;
				CLANG_WARN_UNREACHABLE_CODE = YES;
				CLANG_WARN__DUPLICATE_METHOD_MATCH = YES;
				COPY_PHASE_STRIP = NO;
				DEBUG_INFORMATION_FORMAT = "dwarf-with-dsym";
				ENABLE_NS_ASSERTIONS = NO;
				ENABLE_STRICT_OBJC_MSGSEND = YES;
				GCC_C_LANGUAGE_STANDARD = gnu11;
				GCC_NO_COMMON_BLOCKS = YES;
				GCC_WARN_64_TO_32_BIT_CONVERSION = YES;
				GCC_WARN_ABOUT_RETURN_TYPE = YES_ERROR;
				GCC_WARN_UNDECLARED_SELECTOR = YES;
				GCC_WARN_UNINITIALIZED_AUTOS = YES_AGGRESSIVE;
				GCC_WARN_UNUSED_FUNCTION = YES;
				GCC_WARN_UNUSED_VARIABLE = YES;
				MTL_ENABLE_DEBUG_INFO = NO;
				MTL_FAST_MATH = YES;
				SWIFT_COMPILATION_MODE = wholemodule;
				SWIFT_OPTIMIZATION_LEVEL = "-O";
			};
			name = Release;
		};
		16374CFB27E6CC320060DD7B /* Debug */ = {
			isa = XCBuildConfiguration;
			buildSettings = {
				ASSETCATALOG_COMPILER_APPICON_NAME = AppIcon;
				ASSETCATALOG_COMPILER_GLOBAL_ACCENT_COLOR_NAME = AccentColor;
				ASSETCATALOG_COMPILER_INCLUDE_ALL_APPICON_ASSETS = YES;
				CODE_SIGN_STYLE = Automatic;
				CURRENT_PROJECT_VERSION = 1;
				ENABLE_PREVIEWS = YES;
				GENERATE_INFOPLIST_FILE = YES;
				INFOPLIST_FILE = "To-Do-List--iOS--Info.plist";
				INFOPLIST_KEY_UIApplicationSceneManifest_Generation = YES;
				INFOPLIST_KEY_UIApplicationSupportsIndirectInputEvents = YES;
				INFOPLIST_KEY_UILaunchStoryboardName = LaunchScreen;
				INFOPLIST_KEY_UISupportedInterfaceOrientations_iPad = "UIInterfaceOrientationPortrait UIInterfaceOrientationPortraitUpsideDown UIInterfaceOrientationLandscapeLeft UIInterfaceOrientationLandscapeRight";
				INFOPLIST_KEY_UISupportedInterfaceOrientations_iPhone = "UIInterfaceOrientationPortrait UIInterfaceOrientationLandscapeLeft UIInterfaceOrientationLandscapeRight";
				IPHONEOS_DEPLOYMENT_TARGET = 15.2;
				LD_RUNPATH_SEARCH_PATHS = (
					"$(inherited)",
					"@executable_path/Frameworks",
				);
				MARKETING_VERSION = 1.0;
				PRODUCT_BUNDLE_IDENTIFIER = "reverse-DNS.kessingerCSC416-toDo";
				PRODUCT_NAME = "To Do List";
				SDKROOT = iphoneos;
				SWIFT_EMIT_LOC_STRINGS = YES;
				SWIFT_VERSION = 5.0;
				TARGETED_DEVICE_FAMILY = "1,2";
			};
			name = Debug;
		};
		16374CFC27E6CC320060DD7B /* Release */ = {
			isa = XCBuildConfiguration;
			buildSettings = {
				ASSETCATALOG_COMPILER_APPICON_NAME = AppIcon;
				ASSETCATALOG_COMPILER_GLOBAL_ACCENT_COLOR_NAME = AccentColor;
				ASSETCATALOG_COMPILER_INCLUDE_ALL_APPICON_ASSETS = YES;
				CODE_SIGN_STYLE = Automatic;
				CURRENT_PROJECT_VERSION = 1;
				ENABLE_PREVIEWS = YES;
				GENERATE_INFOPLIST_FILE = YES;
				INFOPLIST_FILE = "To-Do-List--iOS--Info.plist";
				INFOPLIST_KEY_UIApplicationSceneManifest_Generation = YES;
				INFOPLIST_KEY_UIApplicationSupportsIndirectInputEvents = YES;
				INFOPLIST_KEY_UILaunchStoryboardName = LaunchScreen;
				INFOPLIST_KEY_UISupportedInterfaceOrientations_iPad = "UIInterfaceOrientationPortrait UIInterfaceOrientationPortraitUpsideDown UIInterfaceOrientationLandscapeLeft UIInterfaceOrientationLandscapeRight";
				INFOPLIST_KEY_UISupportedInterfaceOrientations_iPhone = "UIInterfaceOrientationPortrait UIInterfaceOrientationLandscapeLeft UIInterfaceOrientationLandscapeRight";
				IPHONEOS_DEPLOYMENT_TARGET = 15.2;
				LD_RUNPATH_SEARCH_PATHS = (
					"$(inherited)",
					"@executable_path/Frameworks",
				);
				MARKETING_VERSION = 1.0;
				PRODUCT_BUNDLE_IDENTIFIER = "reverse-DNS.kessingerCSC416-toDo";
				PRODUCT_NAME = "To Do List";
				SDKROOT = iphoneos;
				SWIFT_EMIT_LOC_STRINGS = YES;
				SWIFT_VERSION = 5.0;
				TARGETED_DEVICE_FAMILY = "1,2";
				VALIDATE_PRODUCT = YES;
			};
			name = Release;
		};
		16374CFE27E6CC320060DD7B /* Debug */ = {
			isa = XCBuildConfiguration;
			buildSettings = {
				ASSETCATALOG_COMPILER_APPICON_NAME = AppIcon;
				ASSETCATALOG_COMPILER_GLOBAL_ACCENT_COLOR_NAME = AccentColor;
				CODE_SIGN_ENTITLEMENTS = macOS/macOS.entitlements;
				CODE_SIGN_STYLE = Automatic;
				COMBINE_HIDPI_IMAGES = YES;
				CURRENT_PROJECT_VERSION = 1;
				ENABLE_PREVIEWS = YES;
				GENERATE_INFOPLIST_FILE = YES;
				INFOPLIST_KEY_NSHumanReadableCopyright = "";
				LD_RUNPATH_SEARCH_PATHS = (
					"$(inherited)",
					"@executable_path/../Frameworks",
				);
				MACOSX_DEPLOYMENT_TARGET = 12.0;
				MARKETING_VERSION = 1.0;
				PRODUCT_BUNDLE_IDENTIFIER = "reverse-DNS.kessingerCSC416-toDo";
				PRODUCT_NAME = "To Do List";
				SDKROOT = macosx;
				SWIFT_EMIT_LOC_STRINGS = YES;
				SWIFT_VERSION = 5.0;
			};
			name = Debug;
		};
		16374CFF27E6CC320060DD7B /* Release */ = {
			isa = XCBuildConfiguration;
			buildSettings = {
				ASSETCATALOG_COMPILER_APPICON_NAME = AppIcon;
				ASSETCATALOG_COMPILER_GLOBAL_ACCENT_COLOR_NAME = AccentColor;
				CODE_SIGN_ENTITLEMENTS = macOS/macOS.entitlements;
				CODE_SIGN_STYLE = Automatic;
				COMBINE_HIDPI_IMAGES = YES;
				CURRENT_PROJECT_VERSION = 1;
				ENABLE_PREVIEWS = YES;
				GENERATE_INFOPLIST_FILE = YES;
				INFOPLIST_KEY_NSHumanReadableCopyright = "";
				LD_RUNPATH_SEARCH_PATHS = (
					"$(inherited)",
					"@executable_path/../Frameworks",
				);
				MACOSX_DEPLOYMENT_TARGET = 12.0;
				MARKETING_VERSION = 1.0;
				PRODUCT_BUNDLE_IDENTIFIER = "reverse-DNS.kessingerCSC416-toDo";
				PRODUCT_NAME = "To Do List";
				SDKROOT = macosx;
				SWIFT_EMIT_LOC_STRINGS = YES;
				SWIFT_VERSION = 5.0;
			};
			name = Release;
		};
/* End XCBuildConfiguration section */

/* Begin XCConfigurationList section */
		16374CE027E6CC2D0060DD7B /* Build configuration list for PBXProject "To Do List" */ = {
			isa = XCConfigurationList;
			buildConfigurations = (
				16374CF827E6CC320060DD7B /* Debug */,
				16374CF927E6CC320060DD7B /* Release */,
			);
			defaultConfigurationIsVisible = 0;
			defaultConfigurationName = Release;
		};
		16374CFA27E6CC320060DD7B /* Build configuration list for PBXNativeTarget "To Do List (iOS)" */ = {
			isa = XCConfigurationList;
			buildConfigurations = (
				16374CFB27E6CC320060DD7B /* Debug */,
				16374CFC27E6CC320060DD7B /* Release */,
			);
			defaultConfigurationIsVisible = 0;
			defaultConfigurationName = Release;
		};
		16374CFD27E6CC320060DD7B /* Build configuration list for PBXNativeTarget "To Do List (macOS)" */ = {
			isa = XCConfigurationList;
			buildConfigurations = (
				16374CFE27E6CC320060DD7B /* Debug */,
				16374CFF27E6CC320060DD7B /* Release */,
			);
			defaultConfigurationIsVisible = 0;
			defaultConfigurationName = Release;
		};
/* End XCConfigurationList section */
	};
	rootObject = 16374CDD27E6CC2D0060DD7B /* Project object */;
}
